// !$*UTF8*$!
{
	archiveVersion = 1;
	classes = {
	};
	objectVersion = 56;
	objects = {

/* Begin PBXBuildFile section */
		3C1433172B31102600168137 /* cartView.swift in Sources */ = {isa = PBXBuildFile; fileRef = 3C1433162B31102600168137 /* cartView.swift */; };
		3C1433192B31129100168137 /* CartViewModel.swift in Sources */ = {isa = PBXBuildFile; fileRef = 3C1433182B31129100168137 /* CartViewModel.swift */; };
		3C14331B2B31134F00168137 /* CartItemView.swift in Sources */ = {isa = PBXBuildFile; fileRef = 3C14331A2B31134F00168137 /* CartItemView.swift */; };
		3C14331D2B311A5E00168137 /* QuantityControlsView.swift in Sources */ = {isa = PBXBuildFile; fileRef = 3C14331C2B311A5E00168137 /* QuantityControlsView.swift */; };
		3C14331F2B3127EC00168137 /* ImageLoader.swift in Sources */ = {isa = PBXBuildFile; fileRef = 3C14331E2B3127EC00168137 /* ImageLoader.swift */; };
		3C1433232B312BAD00168137 /* CategoriesView.swift in Sources */ = {isa = PBXBuildFile; fileRef = 3C1433222B312BAD00168137 /* CategoriesView.swift */; };
		3C1433252B312E2500168137 /* CategoryModel.swift in Sources */ = {isa = PBXBuildFile; fileRef = 3C1433242B312E2500168137 /* CategoryModel.swift */; };
		3C1433272B312EC000168137 /* CategoryViewModel.swift in Sources */ = {isa = PBXBuildFile; fileRef = 3C1433262B312EC000168137 /* CategoryViewModel.swift */; };
		3C81360C2B30E70800CBEB75 /* StoreAppModule3App.swift in Sources */ = {isa = PBXBuildFile; fileRef = 3C81360B2B30E70800CBEB75 /* StoreAppModule3App.swift */; };
		3C81360E2B30E70800CBEB75 /* MainView.swift in Sources */ = {isa = PBXBuildFile; fileRef = 3C81360D2B30E70800CBEB75 /* MainView.swift */; };
		3C8136132B30E70900CBEB75 /* Preview Assets.xcassets in Resources */ = {isa = PBXBuildFile; fileRef = 3C8136122B30E70900CBEB75 /* Preview Assets.xcassets */; };
		3C81361D2B30E70900CBEB75 /* StoreAppModule3Tests.swift in Sources */ = {isa = PBXBuildFile; fileRef = 3C81361C2B30E70900CBEB75 /* StoreAppModule3Tests.swift */; };
		3C8136272B30E70900CBEB75 /* StoreAppModule3UITests.swift in Sources */ = {isa = PBXBuildFile; fileRef = 3C8136262B30E70900CBEB75 /* StoreAppModule3UITests.swift */; };
		3C8136292B30E70900CBEB75 /* StoreAppModule3UITestsLaunchTests.swift in Sources */ = {isa = PBXBuildFile; fileRef = 3C8136282B30E70900CBEB75 /* StoreAppModule3UITestsLaunchTests.swift */; };
		3C8136372B30E76300CBEB75 /* ProductGridView.swift in Sources */ = {isa = PBXBuildFile; fileRef = 3C8136362B30E76300CBEB75 /* ProductGridView.swift */; };
		3C8136392B30E78C00CBEB75 /* ProductGridItemView.swift in Sources */ = {isa = PBXBuildFile; fileRef = 3C8136382B30E78C00CBEB75 /* ProductGridItemView.swift */; };
		3C81363B2B30E7AA00CBEB75 /* ProductDetailView.swift in Sources */ = {isa = PBXBuildFile; fileRef = 3C81363A2B30E7AA00CBEB75 /* ProductDetailView.swift */; };
		3C81363E2B30E7F800CBEB75 /* Model.swift in Sources */ = {isa = PBXBuildFile; fileRef = 3C81363D2B30E7F800CBEB75 /* Model.swift */; };
		3C8136412B30E84000CBEB75 /* ViewModel.swift in Sources */ = {isa = PBXBuildFile; fileRef = 3C8136402B30E84000CBEB75 /* ViewModel.swift */; };
/* End PBXBuildFile section */

/* Begin PBXContainerItemProxy section */
		3C8136192B30E70900CBEB75 /* PBXContainerItemProxy */ = {
			isa = PBXContainerItemProxy;
			containerPortal = 3C8136002B30E70800CBEB75 /* Project object */;
			proxyType = 1;
			remoteGlobalIDString = 3C8136072B30E70800CBEB75;
			remoteInfo = StoreAppModule3;
		};
		3C8136232B30E70900CBEB75 /* PBXContainerItemProxy */ = {
			isa = PBXContainerItemProxy;
			containerPortal = 3C8136002B30E70800CBEB75 /* Project object */;
			proxyType = 1;
			remoteGlobalIDString = 3C8136072B30E70800CBEB75;
			remoteInfo = StoreAppModule3;
		};
/* End PBXContainerItemProxy section */

/* Begin PBXFileReference section */
		3C1433162B31102600168137 /* cartView.swift */ = {isa = PBXFileReference; lastKnownFileType = sourcecode.swift; path = cartView.swift; sourceTree = "<group>"; };
		3C1433182B31129100168137 /* CartViewModel.swift */ = {isa = PBXFileReference; lastKnownFileType = sourcecode.swift; path = CartViewModel.swift; sourceTree = "<group>"; };
		3C14331A2B31134F00168137 /* CartItemView.swift */ = {isa = PBXFileReference; lastKnownFileType = sourcecode.swift; path = CartItemView.swift; sourceTree = "<group>"; };
		3C14331C2B311A5E00168137 /* QuantityControlsView.swift */ = {isa = PBXFileReference; lastKnownFileType = sourcecode.swift; path = QuantityControlsView.swift; sourceTree = "<group>"; };
		3C14331E2B3127EC00168137 /* ImageLoader.swift */ = {isa = PBXFileReference; lastKnownFileType = sourcecode.swift; path = ImageLoader.swift; sourceTree = "<group>"; };
		3C1433222B312BAD00168137 /* CategoriesView.swift */ = {isa = PBXFileReference; lastKnownFileType = sourcecode.swift; path = CategoriesView.swift; sourceTree = "<group>"; };
		3C1433242B312E2500168137 /* CategoryModel.swift */ = {isa = PBXFileReference; lastKnownFileType = sourcecode.swift; path = CategoryModel.swift; sourceTree = "<group>"; };
		3C1433262B312EC000168137 /* CategoryViewModel.swift */ = {isa = PBXFileReference; lastKnownFileType = sourcecode.swift; path = CategoryViewModel.swift; sourceTree = "<group>"; };
		3C8136082B30E70800CBEB75 /* StoreAppModule3.app */ = {isa = PBXFileReference; explicitFileType = wrapper.application; includeInIndex = 0; path = StoreAppModule3.app; sourceTree = BUILT_PRODUCTS_DIR; };
		3C81360B2B30E70800CBEB75 /* StoreAppModule3App.swift */ = {isa = PBXFileReference; lastKnownFileType = sourcecode.swift; path = StoreAppModule3App.swift; sourceTree = "<group>"; };
		3C81360D2B30E70800CBEB75 /* MainView.swift */ = {isa = PBXFileReference; lastKnownFileType = sourcecode.swift; path = MainView.swift; sourceTree = "<group>"; };
		3C8136122B30E70900CBEB75 /* Preview Assets.xcassets */ = {isa = PBXFileReference; lastKnownFileType = folder.assetcatalog; path = "Preview Assets.xcassets"; sourceTree = "<group>"; };
		3C8136182B30E70900CBEB75 /* StoreAppModule3Tests.xctest */ = {isa = PBXFileReference; explicitFileType = wrapper.cfbundle; includeInIndex = 0; path = StoreAppModule3Tests.xctest; sourceTree = BUILT_PRODUCTS_DIR; };
		3C81361C2B30E70900CBEB75 /* StoreAppModule3Tests.swift */ = {isa = PBXFileReference; lastKnownFileType = sourcecode.swift; path = StoreAppModule3Tests.swift; sourceTree = "<group>"; };
		3C8136222B30E70900CBEB75 /* StoreAppModule3UITests.xctest */ = {isa = PBXFileReference; explicitFileType = wrapper.cfbundle; includeInIndex = 0; path = StoreAppModule3UITests.xctest; sourceTree = BUILT_PRODUCTS_DIR; };
		3C8136262B30E70900CBEB75 /* StoreAppModule3UITests.swift */ = {isa = PBXFileReference; lastKnownFileType = sourcecode.swift; path = StoreAppModule3UITests.swift; sourceTree = "<group>"; };
		3C8136282B30E70900CBEB75 /* StoreAppModule3UITestsLaunchTests.swift */ = {isa = PBXFileReference; lastKnownFileType = sourcecode.swift; path = StoreAppModule3UITestsLaunchTests.swift; sourceTree = "<group>"; };
		3C8136362B30E76300CBEB75 /* ProductGridView.swift */ = {isa = PBXFileReference; lastKnownFileType = sourcecode.swift; path = ProductGridView.swift; sourceTree = "<group>"; };
		3C8136382B30E78C00CBEB75 /* ProductGridItemView.swift */ = {isa = PBXFileReference; lastKnownFileType = sourcecode.swift; path = ProductGridItemView.swift; sourceTree = "<group>"; };
		3C81363A2B30E7AA00CBEB75 /* ProductDetailView.swift */ = {isa = PBXFileReference; lastKnownFileType = sourcecode.swift; path = ProductDetailView.swift; sourceTree = "<group>"; };
		3C81363D2B30E7F800CBEB75 /* Model.swift */ = {isa = PBXFileReference; lastKnownFileType = sourcecode.swift; path = Model.swift; sourceTree = "<group>"; };
		3C8136402B30E84000CBEB75 /* ViewModel.swift */ = {isa = PBXFileReference; lastKnownFileType = sourcecode.swift; path = ViewModel.swift; sourceTree = "<group>"; };
/* End PBXFileReference section */

/* Begin PBXFrameworksBuildPhase section */
		3C8136052B30E70800CBEB75 /* Frameworks */ = {
			isa = PBXFrameworksBuildPhase;
			buildActionMask = 2147483647;
			files = (
			);
			runOnlyForDeploymentPostprocessing = 0;
		};
		3C8136152B30E70900CBEB75 /* Frameworks */ = {
			isa = PBXFrameworksBuildPhase;
			buildActionMask = 2147483647;
			files = (
			);
			runOnlyForDeploymentPostprocessing = 0;
		};
		3C81361F2B30E70900CBEB75 /* Frameworks */ = {
			isa = PBXFrameworksBuildPhase;
			buildActionMask = 2147483647;
			files = (
			);
			runOnlyForDeploymentPostprocessing = 0;
		};
/* End PBXFrameworksBuildPhase section */

/* Begin PBXGroup section */
		3C8135FF2B30E70800CBEB75 = {
			isa = PBXGroup;
			children = (
				3C81363F2B30E82B00CBEB75 /* ViewModel */,
				3C81363C2B30E7E300CBEB75 /* Model */,
				3C8136352B30E71900CBEB75 /* Views */,
				3C81360A2B30E70800CBEB75 /* StoreAppModule3 */,
				3C81361B2B30E70900CBEB75 /* StoreAppModule3Tests */,
				3C8136252B30E70900CBEB75 /* StoreAppModule3UITests */,
				3C8136092B30E70800CBEB75 /* Products */,
			);
			sourceTree = "<group>";
		};
		3C8136092B30E70800CBEB75 /* Products */ = {
			isa = PBXGroup;
			children = (
				3C8136082B30E70800CBEB75 /* StoreAppModule3.app */,
				3C8136182B30E70900CBEB75 /* StoreAppModule3Tests.xctest */,
				3C8136222B30E70900CBEB75 /* StoreAppModule3UITests.xctest */,
			);
			name = Products;
			sourceTree = "<group>";
		};
		3C81360A2B30E70800CBEB75 /* StoreAppModule3 */ = {
			isa = PBXGroup;
			children = (
				3C81360B2B30E70800CBEB75 /* StoreAppModule3App.swift */,
				3C8136112B30E70900CBEB75 /* Preview Content */,
			);
			path = StoreAppModule3;
			sourceTree = "<group>";
		};
		3C8136112B30E70900CBEB75 /* Preview Content */ = {
			isa = PBXGroup;
			children = (
				3C8136122B30E70900CBEB75 /* Preview Assets.xcassets */,
			);
			path = "Preview Content";
			sourceTree = "<group>";
		};
		3C81361B2B30E70900CBEB75 /* StoreAppModule3Tests */ = {
			isa = PBXGroup;
			children = (
				3C81361C2B30E70900CBEB75 /* StoreAppModule3Tests.swift */,
			);
			path = StoreAppModule3Tests;
			sourceTree = "<group>";
		};
		3C8136252B30E70900CBEB75 /* StoreAppModule3UITests */ = {
			isa = PBXGroup;
			children = (
				3C8136262B30E70900CBEB75 /* StoreAppModule3UITests.swift */,
				3C8136282B30E70900CBEB75 /* StoreAppModule3UITestsLaunchTests.swift */,
			);
			path = StoreAppModule3UITests;
			sourceTree = "<group>";
		};
		3C8136352B30E71900CBEB75 /* Views */ = {
			isa = PBXGroup;
			children = (
				3C1433222B312BAD00168137 /* CategoriesView.swift */,
				3C81360D2B30E70800CBEB75 /* MainView.swift */,
				3C1433162B31102600168137 /* cartView.swift */,
				3C14331A2B31134F00168137 /* CartItemView.swift */,
				3C8136362B30E76300CBEB75 /* ProductGridView.swift */,
				3C14331E2B3127EC00168137 /* ImageLoader.swift */,
				3C8136382B30E78C00CBEB75 /* ProductGridItemView.swift */,
				3C14331C2B311A5E00168137 /* QuantityControlsView.swift */,
				3C81363A2B30E7AA00CBEB75 /* ProductDetailView.swift */,
			);
			path = Views;
			sourceTree = "<group>";
		};
		3C81363C2B30E7E300CBEB75 /* Model */ = {
			isa = PBXGroup;
			children = (
				3C81363D2B30E7F800CBEB75 /* Model.swift */,
				3C1433242B312E2500168137 /* CategoryModel.swift */,
			);
			path = Model;
			sourceTree = "<group>";
		};
		3C81363F2B30E82B00CBEB75 /* ViewModel */ = {
			isa = PBXGroup;
			children = (
				3C8136402B30E84000CBEB75 /* ViewModel.swift */,
				3C1433262B312EC000168137 /* CategoryViewModel.swift */,
				3C1433182B31129100168137 /* CartViewModel.swift */,
			);
			path = ViewModel;
			sourceTree = "<group>";
		};
/* End PBXGroup section */

/* Begin PBXNativeTarget section */
		3C8136072B30E70800CBEB75 /* StoreAppModule3 */ = {
			isa = PBXNativeTarget;
			buildConfigurationList = 3C81362C2B30E70900CBEB75 /* Build configuration list for PBXNativeTarget "StoreAppModule3" */;
			buildPhases = (
				3C8136042B30E70800CBEB75 /* Sources */,
				3C8136052B30E70800CBEB75 /* Frameworks */,
				3C8136062B30E70800CBEB75 /* Resources */,
			);
			buildRules = (
			);
			dependencies = (
			);
			name = StoreAppModule3;
			productName = StoreAppModule3;
			productReference = 3C8136082B30E70800CBEB75 /* StoreAppModule3.app */;
			productType = "com.apple.product-type.application";
		};
		3C8136172B30E70900CBEB75 /* StoreAppModule3Tests */ = {
			isa = PBXNativeTarget;
			buildConfigurationList = 3C81362F2B30E70900CBEB75 /* Build configuration list for PBXNativeTarget "StoreAppModule3Tests" */;
			buildPhases = (
				3C8136142B30E70900CBEB75 /* Sources */,
				3C8136152B30E70900CBEB75 /* Frameworks */,
				3C8136162B30E70900CBEB75 /* Resources */,
			);
			buildRules = (
			);
			dependencies = (
				3C81361A2B30E70900CBEB75 /* PBXTargetDependency */,
			);
			name = StoreAppModule3Tests;
			productName = StoreAppModule3Tests;
			productReference = 3C8136182B30E70900CBEB75 /* StoreAppModule3Tests.xctest */;
			productType = "com.apple.product-type.bundle.unit-test";
		};
		3C8136212B30E70900CBEB75 /* StoreAppModule3UITests */ = {
			isa = PBXNativeTarget;
			buildConfigurationList = 3C8136322B30E70900CBEB75 /* Build configuration list for PBXNativeTarget "StoreAppModule3UITests" */;
			buildPhases = (
				3C81361E2B30E70900CBEB75 /* Sources */,
				3C81361F2B30E70900CBEB75 /* Frameworks */,
				3C8136202B30E70900CBEB75 /* Resources */,
			);
			buildRules = (
			);
			dependencies = (
				3C8136242B30E70900CBEB75 /* PBXTargetDependency */,
			);
			name = StoreAppModule3UITests;
			productName = StoreAppModule3UITests;
			productReference = 3C8136222B30E70900CBEB75 /* StoreAppModule3UITests.xctest */;
			productType = "com.apple.product-type.bundle.ui-testing";
		};
/* End PBXNativeTarget section */

/* Begin PBXProject section */
		3C8136002B30E70800CBEB75 /* Project object */ = {
			isa = PBXProject;
			attributes = {
				BuildIndependentTargetsInParallel = 1;
				LastSwiftUpdateCheck = 1500;
				LastUpgradeCheck = 1500;
				TargetAttributes = {
					3C8136072B30E70800CBEB75 = {
						CreatedOnToolsVersion = 15.0.1;
					};
					3C8136172B30E70900CBEB75 = {
						CreatedOnToolsVersion = 15.0.1;
						TestTargetID = 3C8136072B30E70800CBEB75;
					};
					3C8136212B30E70900CBEB75 = {
						CreatedOnToolsVersion = 15.0.1;
						TestTargetID = 3C8136072B30E70800CBEB75;
					};
				};
			};
			buildConfigurationList = 3C8136032B30E70800CBEB75 /* Build configuration list for PBXProject "StoreAppModule3" */;
			compatibilityVersion = "Xcode 14.0";
			developmentRegion = en;
			hasScannedForEncodings = 0;
			knownRegions = (
				en,
				Base,
			);
			mainGroup = 3C8135FF2B30E70800CBEB75;
			productRefGroup = 3C8136092B30E70800CBEB75 /* Products */;
			projectDirPath = "";
			projectRoot = "";
			targets = (
				3C8136072B30E70800CBEB75 /* StoreAppModule3 */,
				3C8136172B30E70900CBEB75 /* StoreAppModule3Tests */,
				3C8136212B30E70900CBEB75 /* StoreAppModule3UITests */,
			);
		};
/* End PBXProject section */

/* Begin PBXResourcesBuildPhase section */
		3C8136062B30E70800CBEB75 /* Resources */ = {
			isa = PBXResourcesBuildPhase;
			buildActionMask = 2147483647;
			files = (
				3C8136132B30E70900CBEB75 /* Preview Assets.xcassets in Resources */,
			);
			runOnlyForDeploymentPostprocessing = 0;
		};
		3C8136162B30E70900CBEB75 /* Resources */ = {
			isa = PBXResourcesBuildPhase;
			buildActionMask = 2147483647;
			files = (
			);
			runOnlyForDeploymentPostprocessing = 0;
		};
		3C8136202B30E70900CBEB75 /* Resources */ = {
			isa = PBXResourcesBuildPhase;
			buildActionMask = 2147483647;
			files = (
			);
			runOnlyForDeploymentPostprocessing = 0;
		};
/* End PBXResourcesBuildPhase section */

/* Begin PBXSourcesBuildPhase section */
		3C8136042B30E70800CBEB75 /* Sources */ = {
			isa = PBXSourcesBuildPhase;
			buildActionMask = 2147483647;
			files = (
				3C14331D2B311A5E00168137 /* QuantityControlsView.swift in Sources */,
				3C81360E2B30E70800CBEB75 /* MainView.swift in Sources */,
				3C14331F2B3127EC00168137 /* ImageLoader.swift in Sources */,
				3C81363B2B30E7AA00CBEB75 /* ProductDetailView.swift in Sources */,
				3C8136392B30E78C00CBEB75 /* ProductGridItemView.swift in Sources */,
				3C14331B2B31134F00168137 /* CartItemView.swift in Sources */,
				3C81363E2B30E7F800CBEB75 /* Model.swift in Sources */,
				3C8136372B30E76300CBEB75 /* ProductGridView.swift in Sources */,
				3C1433232B312BAD00168137 /* CategoriesView.swift in Sources */,
				3C81360C2B30E70800CBEB75 /* StoreAppModule3App.swift in Sources */,
				3C1433192B31129100168137 /* CartViewModel.swift in Sources */,
				3C1433272B312EC000168137 /* CategoryViewModel.swift in Sources */,
				3C1433172B31102600168137 /* cartView.swift in Sources */,
				3C1433252B312E2500168137 /* CategoryModel.swift in Sources */,
				3C8136412B30E84000CBEB75 /* ViewModel.swift in Sources */,
			);
			runOnlyForDeploymentPostprocessing = 0;
		};
		3C8136142B30E70900CBEB75 /* Sources */ = {
			isa = PBXSourcesBuildPhase;
			buildActionMask = 2147483647;
			files = (
				3C81361D2B30E70900CBEB75 /* StoreAppModule3Tests.swift in Sources */,
			);
			runOnlyForDeploymentPostprocessing = 0;
		};
		3C81361E2B30E70900CBEB75 /* Sources */ = {
			isa = PBXSourcesBuildPhase;
			buildActionMask = 2147483647;
			files = (
				3C8136292B30E70900CBEB75 /* StoreAppModule3UITestsLaunchTests.swift in Sources */,
				3C8136272B30E70900CBEB75 /* StoreAppModule3UITests.swift in Sources */,
			);
			runOnlyForDeploymentPostprocessing = 0;
		};
/* End PBXSourcesBuildPhase section */

/* Begin PBXTargetDependency section */
		3C81361A2B30E70900CBEB75 /* PBXTargetDependency */ = {
			isa = PBXTargetDependency;
			target = 3C8136072B30E70800CBEB75 /* StoreAppModule3 */;
			targetProxy = 3C8136192B30E70900CBEB75 /* PBXContainerItemProxy */;
		};
		3C8136242B30E70900CBEB75 /* PBXTargetDependency */ = {
			isa = PBXTargetDependency;
			target = 3C8136072B30E70800CBEB75 /* StoreAppModule3 */;
			targetProxy = 3C8136232B30E70900CBEB75 /* PBXContainerItemProxy */;
		};
/* End PBXTargetDependency section */

/* Begin XCBuildConfiguration section */
		3C81362A2B30E70900CBEB75 /* Debug */ = {
			isa = XCBuildConfiguration;
			buildSettings = {
				ALWAYS_SEARCH_USER_PATHS = NO;
				ASSETCATALOG_COMPILER_GENERATE_SWIFT_ASSET_SYMBOL_EXTENSIONS = YES;
				CLANG_ANALYZER_NONNULL = YES;
				CLANG_ANALYZER_NUMBER_OBJECT_CONVERSION = YES_AGGRESSIVE;
				CLANG_CXX_LANGUAGE_STANDARD = "gnu++20";
				CLANG_ENABLE_MODULES = YES;
				CLANG_ENABLE_OBJC_ARC = YES;
				CLANG_ENABLE_OBJC_WEAK = YES;
				CLANG_WARN_BLOCK_CAPTURE_AUTORELEASING = YES;
				CLANG_WARN_BOOL_CONVERSION = YES;
				CLANG_WARN_COMMA = YES;
				CLANG_WARN_CONSTANT_CONVERSION = YES;
				CLANG_WARN_DEPRECATED_OBJC_IMPLEMENTATIONS = YES;
				CLANG_WARN_DIRECT_OBJC_ISA_USAGE = YES_ERROR;
				CLANG_WARN_DOCUMENTATION_COMMENTS = YES;
				CLANG_WARN_EMPTY_BODY = YES;
				CLANG_WARN_ENUM_CONVERSION = YES;
				CLANG_WARN_INFINITE_RECURSION = YES;
				CLANG_WARN_INT_CONVERSION = YES;
				CLANG_WARN_NON_LITERAL_NULL_CONVERSION = YES;
				CLANG_WARN_OBJC_IMPLICIT_RETAIN_SELF = YES;
				CLANG_WARN_OBJC_LITERAL_CONVERSION = YES;
				CLANG_WARN_OBJC_ROOT_CLASS = YES_ERROR;
				CLANG_WARN_QUOTED_INCLUDE_IN_FRAMEWORK_HEADER = YES;
				CLANG_WARN_RANGE_LOOP_ANALYSIS = YES;
				CLANG_WARN_STRICT_PROTOTYPES = YES;
				CLANG_WARN_SUSPICIOUS_MOVE = YES;
				CLANG_WARN_UNGUARDED_AVAILABILITY = YES_AGGRESSIVE;
				CLANG_WARN_UNREACHABLE_CODE = YES;
				CLANG_WARN__DUPLICATE_METHOD_MATCH = YES;
				COPY_PHASE_STRIP = NO;
				DEBUG_INFORMATION_FORMAT = dwarf;
				ENABLE_STRICT_OBJC_MSGSEND = YES;
				ENABLE_TESTABILITY = YES;
				ENABLE_USER_SCRIPT_SANDBOXING = YES;
				GCC_C_LANGUAGE_STANDARD = gnu17;
				GCC_DYNAMIC_NO_PIC = NO;
				GCC_NO_COMMON_BLOCKS = YES;
				GCC_OPTIMIZATION_LEVEL = 0;
				GCC_PREPROCESSOR_DEFINITIONS = (
					"DEBUG=1",
					"$(inherited)",
				);
				GCC_WARN_64_TO_32_BIT_CONVERSION = YES;
				GCC_WARN_ABOUT_RETURN_TYPE = YES_ERROR;
				GCC_WARN_UNDECLARED_SELECTOR = YES;
				GCC_WARN_UNINITIALIZED_AUTOS = YES_AGGRESSIVE;
				GCC_WARN_UNUSED_FUNCTION = YES;
				GCC_WARN_UNUSED_VARIABLE = YES;
				IPHONEOS_DEPLOYMENT_TARGET = 17.0;
				LOCALIZATION_PREFERS_STRING_CATALOGS = YES;
				MTL_ENABLE_DEBUG_INFO = INCLUDE_SOURCE;
				MTL_FAST_MATH = YES;
				ONLY_ACTIVE_ARCH = YES;
				SDKROOT = iphoneos;
				SWIFT_ACTIVE_COMPILATION_CONDITIONS = "DEBUG $(inherited)";
				SWIFT_OPTIMIZATION_LEVEL = "-Onone";
			};
			name = Debug;
		};
		3C81362B2B30E70900CBEB75 /* Release */ = {
			isa = XCBuildConfiguration;
			buildSettings = {
				ALWAYS_SEARCH_USER_PATHS = NO;
				ASSETCATALOG_COMPILER_GENERATE_SWIFT_ASSET_SYMBOL_EXTENSIONS = YES;
				CLANG_ANALYZER_NONNULL = YES;
				CLANG_ANALYZER_NUMBER_OBJECT_CONVERSION = YES_AGGRESSIVE;
				CLANG_CXX_LANGUAGE_STANDARD = "gnu++20";
				CLANG_ENABLE_MODULES = YES;
				CLANG_ENABLE_OBJC_ARC = YES;
				CLANG_ENABLE_OBJC_WEAK = YES;
				CLANG_WARN_BLOCK_CAPTURE_AUTORELEASING = YES;
				CLANG_WARN_BOOL_CONVERSION = YES;
				CLANG_WARN_COMMA = YES;
				CLANG_WARN_CONSTANT_CONVERSION = YES;
				CLANG_WARN_DEPRECATED_OBJC_IMPLEMENTATIONS = YES;
				CLANG_WARN_DIRECT_OBJC_ISA_USAGE = YES_ERROR;
				CLANG_WARN_DOCUMENTATION_COMMENTS = YES;
				CLANG_WARN_EMPTY_BODY = YES;
				CLANG_WARN_ENUM_CONVERSION = YES;
				CLANG_WARN_INFINITE_RECURSION = YES;
				CLANG_WARN_INT_CONVERSION = YES;
				CLANG_WARN_NON_LITERAL_NULL_CONVERSION = YES;
				CLANG_WARN_OBJC_IMPLICIT_RETAIN_SELF = YES;
				CLANG_WARN_OBJC_LITERAL_CONVERSION = YES;
				CLANG_WARN_OBJC_ROOT_CLASS = YES_ERROR;
				CLANG_WARN_QUOTED_INCLUDE_IN_FRAMEWORK_HEADER = YES;
				CLANG_WARN_RANGE_LOOP_ANALYSIS = YES;
				CLANG_WARN_STRICT_PROTOTYPES = YES;
				CLANG_WARN_SUSPICIOUS_MOVE = YES;
				CLANG_WARN_UNGUARDED_AVAILABILITY = YES_AGGRESSIVE;
				CLANG_WARN_UNREACHABLE_CODE = YES;
				CLANG_WARN__DUPLICATE_METHOD_MATCH = YES;
				COPY_PHASE_STRIP = NO;
				DEBUG_INFORMATION_FORMAT = "dwarf-with-dsym";
				ENABLE_NS_ASSERTIONS = NO;
				ENABLE_STRICT_OBJC_MSGSEND = YES;
				ENABLE_USER_SCRIPT_SANDBOXING = YES;
				GCC_C_LANGUAGE_STANDARD = gnu17;
				GCC_NO_COMMON_BLOCKS = YES;
				GCC_WARN_64_TO_32_BIT_CONVERSION = YES;
				GCC_WARN_ABOUT_RETURN_TYPE = YES_ERROR;
				GCC_WARN_UNDECLARED_SELECTOR = YES;
				GCC_WARN_UNINITIALIZED_AUTOS = YES_AGGRESSIVE;
				GCC_WARN_UNUSED_FUNCTION = YES;
				GCC_WARN_UNUSED_VARIABLE = YES;
				IPHONEOS_DEPLOYMENT_TARGET = 17.0;
				LOCALIZATION_PREFERS_STRING_CATALOGS = YES;
				MTL_ENABLE_DEBUG_INFO = NO;
				MTL_FAST_MATH = YES;
				SDKROOT = iphoneos;
				SWIFT_COMPILATION_MODE = wholemodule;
				VALIDATE_PRODUCT = YES;
			};
			name = Release;
		};
		3C81362D2B30E70900CBEB75 /* Debug */ = {
			isa = XCBuildConfiguration;
			buildSettings = {
				ASSETCATALOG_COMPILER_APPICON_NAME = AppIcon;
				ASSETCATALOG_COMPILER_GLOBAL_ACCENT_COLOR_NAME = AccentColor;
				CODE_SIGN_STYLE = Automatic;
				CURRENT_PROJECT_VERSION = 1;
				DEVELOPMENT_ASSET_PATHS = "\"StoreAppModule3/Preview Content\"";
				DEVELOPMENT_TEAM = UY94N2F65W;
				ENABLE_PREVIEWS = YES;
				GENERATE_INFOPLIST_FILE = YES;
				INFOPLIST_KEY_UIApplicationSceneManifest_Generation = YES;
				INFOPLIST_KEY_UIApplicationSupportsIndirectInputEvents = YES;
				INFOPLIST_KEY_UILaunchScreen_Generation = YES;
				INFOPLIST_KEY_UISupportedInterfaceOrientations_iPad = "UIInterfaceOrientationPortrait UIInterfaceOrientationPortraitUpsideDown UIInterfaceOrientationLandscapeLeft UIInterfaceOrientationLandscapeRight";
				INFOPLIST_KEY_UISupportedInterfaceOrientations_iPhone = "UIInterfaceOrientationPortrait UIInterfaceOrientationLandscapeLeft UIInterfaceOrientationLandscapeRight";
				LD_RUNPATH_SEARCH_PATHS = (
					"$(inherited)",
					"@executable_path/Frameworks",
				);
				MARKETING_VERSION = 1.0;
				PRODUCT_BUNDLE_IDENTIFIER = com.lapiashvili.storeappmodule3.StoreAppModule3;
				PRODUCT_NAME = "$(TARGET_NAME)";
				SWIFT_EMIT_LOC_STRINGS = YES;
				SWIFT_VERSION = 5.0;
				TARGETED_DEVICE_FAMILY = "1,2";
			};
			name = Debug;
		};
		3C81362E2B30E70900CBEB75 /* Release */ = {
			isa = XCBuildConfiguration;
			buildSettings = {
				ASSETCATALOG_COMPILER_APPICON_NAME = AppIcon;
				ASSETCATALOG_COMPILER_GLOBAL_ACCENT_COLOR_NAME = AccentColor;
				CODE_SIGN_STYLE = Automatic;
				CURRENT_PROJECT_VERSION = 1;
				DEVELOPMENT_ASSET_PATHS = "\"StoreAppModule3/Preview Content\"";
				DEVELOPMENT_TEAM = UY94N2F65W;
				ENABLE_PREVIEWS = YES;
				GENERATE_INFOPLIST_FILE = YES;
				INFOPLIST_KEY_UIApplicationSceneManifest_Generation = YES;
				INFOPLIST_KEY_UIApplicationSupportsIndirectInputEvents = YES;
				INFOPLIST_KEY_UILaunchScreen_Generation = YES;
				INFOPLIST_KEY_UISupportedInterfaceOrientations_iPad = "UIInterfaceOrientationPortrait UIInterfaceOrientationPortraitUpsideDown UIInterfaceOrientationLandscapeLeft UIInterfaceOrientationLandscapeRight";
				INFOPLIST_KEY_UISupportedInterfaceOrientations_iPhone = "UIInterfaceOrientationPortrait UIInterfaceOrientationLandscapeLeft UIInterfaceOrientationLandscapeRight";
				LD_RUNPATH_SEARCH_PATHS = (
					"$(inherited)",
					"@executable_path/Frameworks",
				);
				MARKETING_VERSION = 1.0;
				PRODUCT_BUNDLE_IDENTIFIER = com.lapiashvili.storeappmodule3.StoreAppModule3;
				PRODUCT_NAME = "$(TARGET_NAME)";
				SWIFT_EMIT_LOC_STRINGS = YES;
				SWIFT_VERSION = 5.0;
				TARGETED_DEVICE_FAMILY = "1,2";
			};
			name = Release;
		};
		3C8136302B30E70900CBEB75 /* Debug */ = {
			isa = XCBuildConfiguration;
			buildSettings = {
				ALWAYS_EMBED_SWIFT_STANDARD_LIBRARIES = YES;
				BUNDLE_LOADER = "$(TEST_HOST)";
				CODE_SIGN_STYLE = Automatic;
				CURRENT_PROJECT_VERSION = 1;
				DEVELOPMENT_TEAM = UY94N2F65W;
				GENERATE_INFOPLIST_FILE = YES;
				IPHONEOS_DEPLOYMENT_TARGET = 17.0;
				MARKETING_VERSION = 1.0;
				PRODUCT_BUNDLE_IDENTIFIER = com.lapiashvili.storeappmodule3.StoreAppModule3Tests;
				PRODUCT_NAME = "$(TARGET_NAME)";
				SWIFT_EMIT_LOC_STRINGS = NO;
				SWIFT_VERSION = 5.0;
				TARGETED_DEVICE_FAMILY = "1,2";
				TEST_HOST = "$(BUILT_PRODUCTS_DIR)/StoreAppModule3.app/$(BUNDLE_EXECUTABLE_FOLDER_PATH)/StoreAppModule3";
			};
			name = Debug;
		};
		3C8136312B30E70900CBEB75 /* Release */ = {
			isa = XCBuildConfiguration;
			buildSettings = {
				ALWAYS_EMBED_SWIFT_STANDARD_LIBRARIES = YES;
				BUNDLE_LOADER = "$(TEST_HOST)";
				CODE_SIGN_STYLE = Automatic;
				CURRENT_PROJECT_VERSION = 1;
				DEVELOPMENT_TEAM = UY94N2F65W;
				GENERATE_INFOPLIST_FILE = YES;
				IPHONEOS_DEPLOYMENT_TARGET = 17.0;
				MARKETING_VERSION = 1.0;
				PRODUCT_BUNDLE_IDENTIFIER = com.lapiashvili.storeappmodule3.StoreAppModule3Tests;
				PRODUCT_NAME = "$(TARGET_NAME)";
				SWIFT_EMIT_LOC_STRINGS = NO;
				SWIFT_VERSION = 5.0;
				TARGETED_DEVICE_FAMILY = "1,2";
				TEST_HOST = "$(BUILT_PRODUCTS_DIR)/StoreAppModule3.app/$(BUNDLE_EXECUTABLE_FOLDER_PATH)/StoreAppModule3";
			};
			name = Release;
		};
		3C8136332B30E70900CBEB75 /* Debug */ = {
			isa = XCBuildConfiguration;
			buildSettings = {
				ALWAYS_EMBED_SWIFT_STANDARD_LIBRARIES = YES;
				CODE_SIGN_STYLE = Automatic;
				CURRENT_PROJECT_VERSION = 1;
				DEVELOPMENT_TEAM = UY94N2F65W;
				GENERATE_INFOPLIST_FILE = YES;
				MARKETING_VERSION = 1.0;
				PRODUCT_BUNDLE_IDENTIFIER = com.lapiashvili.storeappmodule3.StoreAppModule3UITests;
				PRODUCT_NAME = "$(TARGET_NAME)";
				SWIFT_EMIT_LOC_STRINGS = NO;
				SWIFT_VERSION = 5.0;
				TARGETED_DEVICE_FAMILY = "1,2";
				TEST_TARGET_NAME = StoreAppModule3;
			};
			name = Debug;
		};
		3C8136342B30E70900CBEB75 /* Release */ = {
			isa = XCBuildConfiguration;
			buildSettings = {
				ALWAYS_EMBED_SWIFT_STANDARD_LIBRARIES = YES;
				CODE_SIGN_STYLE = Automatic;
				CURRENT_PROJECT_VERSION = 1;
				DEVELOPMENT_TEAM = UY94N2F65W;
				GENERATE_INFOPLIST_FILE = YES;
				MARKETING_VERSION = 1.0;
				PRODUCT_BUNDLE_IDENTIFIER = com.lapiashvili.storeappmodule3.StoreAppModule3UITests;
				PRODUCT_NAME = "$(TARGET_NAME)";
				SWIFT_EMIT_LOC_STRINGS = NO;
				SWIFT_VERSION = 5.0;
				TARGETED_DEVICE_FAMILY = "1,2";
				TEST_TARGET_NAME = StoreAppModule3;
			};
			name = Release;
		};
/* End XCBuildConfiguration section */

/* Begin XCConfigurationList section */
		3C8136032B30E70800CBEB75 /* Build configuration list for PBXProject "StoreAppModule3" */ = {
			isa = XCConfigurationList;
			buildConfigurations = (
				3C81362A2B30E70900CBEB75 /* Debug */,
				3C81362B2B30E70900CBEB75 /* Release */,
			);
			defaultConfigurationIsVisible = 0;
			defaultConfigurationName = Release;
		};
		3C81362C2B30E70900CBEB75 /* Build configuration list for PBXNativeTarget "StoreAppModule3" */ = {
			isa = XCConfigurationList;
			buildConfigurations = (
				3C81362D2B30E70900CBEB75 /* Debug */,
				3C81362E2B30E70900CBEB75 /* Release */,
			);
			defaultConfigurationIsVisible = 0;
			defaultConfigurationName = Release;
		};
		3C81362F2B30E70900CBEB75 /* Build configuration list for PBXNativeTarget "StoreAppModule3Tests" */ = {
			isa = XCConfigurationList;
			buildConfigurations = (
				3C8136302B30E70900CBEB75 /* Debug */,
				3C8136312B30E70900CBEB75 /* Release */,
			);
			defaultConfigurationIsVisible = 0;
			defaultConfigurationName = Release;
		};
		3C8136322B30E70900CBEB75 /* Build configuration list for PBXNativeTarget "StoreAppModule3UITests" */ = {
			isa = XCConfigurationList;
			buildConfigurations = (
				3C8136332B30E70900CBEB75 /* Debug */,
				3C8136342B30E70900CBEB75 /* Release */,
			);
			defaultConfigurationIsVisible = 0;
			defaultConfigurationName = Release;
		};
/* End XCConfigurationList section */
	};
	rootObject = 3C8136002B30E70800CBEB75 /* Project object */;
}
